
Microsoft Visual Studio Solution File, Format Version 12.00
# Visual Studio 15
Project("{FAE04EC0-301F-11D3-BF4B-00C04F79EFBC}") = "CarCrud", "CarCrud.csproj", "{74CC668B-0279-40E3-9F21-2B31CFBB3557}"
EndProject
Global
	GlobalSection(SolutionConfigurationPlatforms) = preSolution
		Debug|Any CPU = Debug|Any CPU
		Release|Any CPU = Release|Any CPU
	EndGlobalSection
	GlobalSection(ProjectConfigurationPlatforms) = postSolution
		{74CC668B-0279-40E3-9F21-2B31CFBB3557}.Debug|Any CPU.ActiveCfg = Debug|Any CPU
		{74CC668B-0279-40E3-9F21-2B31CFBB3557}.Debug|Any CPU.Build.0 = Debug|Any CPU
		{74CC668B-0279-40E3-9F21-2B31CFBB3557}.Release|Any CPU.ActiveCfg = Release|Any CPU
		{74CC668B-0279-40E3-9F21-2B31CFBB3557}.Release|Any CPU.Build.0 = Release|Any CPU
	EndGlobalSection
EndGlobal
